
Microsoft Visual Studio Solution File, Format Version 12.00
# Visual Studio 15
VisualStudioVersion = 15.0.28307.102
MinimumVisualStudioVersion = 10.0.40219.1
Project("{9A19103F-16F7-4668-BE54-9A1E7A4F7556}") = "RoadStatus", "RoadStatus\RoadStatus.csproj", "{C989F5DA-AA14-46E2-BFB6-BCACA3777FF3}"
EndProject
Project("{FAE04EC0-301F-11D3-BF4B-00C04F79EFBC}") = "RoadStatusTests", "RoadStatusTests\RoadStatusTests.csproj", "{0ACCC638-CF9E-46A0-A753-25678876BFCF}"
EndProject
Global
	GlobalSection(SolutionConfigurationPlatforms) = preSolution
		Debug|Any CPU = Debug|Any CPU
		Release|Any CPU = Release|Any CPU
	EndGlobalSection
	GlobalSection(ProjectConfigurationPlatforms) = postSolution
		{C989F5DA-AA14-46E2-BFB6-BCACA3777FF3}.Debug|Any CPU.ActiveCfg = Debug|Any CPU
		{C989F5DA-AA14-46E2-BFB6-BCACA3777FF3}.Debug|Any CPU.Build.0 = Debug|Any CPU
		{C989F5DA-AA14-46E2-BFB6-BCACA3777FF3}.Release|Any CPU.ActiveCfg = Release|Any CPU
		{C989F5DA-AA14-46E2-BFB6-BCACA3777FF3}.Release|Any CPU.Build.0 = Release|Any CPU
		{0ACCC638-CF9E-46A0-A753-25678876BFCF}.Debug|Any CPU.ActiveCfg = Debug|Any CPU
		{0ACCC638-CF9E-46A0-A753-25678876BFCF}.Debug|Any CPU.Build.0 = Debug|Any CPU
		{0ACCC638-CF9E-46A0-A753-25678876BFCF}.Release|Any CPU.ActiveCfg = Release|Any CPU
		{0ACCC638-CF9E-46A0-A753-25678876BFCF}.Release|Any CPU.Build.0 = Release|Any CPU
	EndGlobalSection
	GlobalSection(SolutionProperties) = preSolution
		HideSolutionNode = FALSE
	EndGlobalSection
	GlobalSection(ExtensibilityGlobals) = postSolution
		SolutionGuid = {88B8D09E-0630-4565-9CA0-AEFDF9DD0CD9}
	EndGlobalSection
EndGlobal
